
Microsoft Visual Studio Solution File, Format Version 12.00
# Visual Studio 2012
Project("{FAE04EC0-301F-11D3-BF4B-00C04F79EFBC}") = "PayAPIInstance", "PayAPIInstance\PayAPIInstance.csproj", "{53EE1535-0CF0-4A1D-9ED5-7CF32FD8F016}"
EndProject
Project("{FAE04EC0-301F-11D3-BF4B-00C04F79EFBC}") = "PayAPIResolver", "PayAPIResolver\PayAPIResolver.csproj", "{50CF6A10-3DFD-4DB8-8F1D-3B7C7E0855B9}"
EndProject
Project("{FAE04EC0-301F-11D3-BF4B-00C04F79EFBC}") = "PayAPIInterfaceHandle", "PayAPIInterfaceHandle\PayAPIInterfaceHandle.csproj", "{672555DD-B324-4654-89F8-5FFAC4E90E2C}"
EndProject
Project("{FAE04EC0-301F-11D3-BF4B-00C04F79EFBC}") = "RIClientTestDemo", "RIClientTestDemo\RIClientTestDemo.csproj", "{23FD2FC1-32DC-4D73-BB34-B51F952D1B7D}"
	ProjectSection(ProjectDependencies) = postProject
		{50CF6A10-3DFD-4DB8-8F1D-3B7C7E0855B9} = {50CF6A10-3DFD-4DB8-8F1D-3B7C7E0855B9}
		{53EE1535-0CF0-4A1D-9ED5-7CF32FD8F016} = {53EE1535-0CF0-4A1D-9ED5-7CF32FD8F016}
		{672555DD-B324-4654-89F8-5FFAC4E90E2C} = {672555DD-B324-4654-89F8-5FFAC4E90E2C}
	EndProjectSection
EndProject
Global
	GlobalSection(SolutionConfigurationPlatforms) = preSolution
		Debug|Any CPU = Debug|Any CPU
		Debug|Mixed Platforms = Debug|Mixed Platforms
		Debug|x86 = Debug|x86
		Release|Any CPU = Release|Any CPU
		Release|Mixed Platforms = Release|Mixed Platforms
		Release|x86 = Release|x86
	EndGlobalSection
	GlobalSection(ProjectConfigurationPlatforms) = postSolution
		{53EE1535-0CF0-4A1D-9ED5-7CF32FD8F016}.Debug|Any CPU.ActiveCfg = Debug|Any CPU
		{53EE1535-0CF0-4A1D-9ED5-7CF32FD8F016}.Debug|Any CPU.Build.0 = Debug|Any CPU
		{53EE1535-0CF0-4A1D-9ED5-7CF32FD8F016}.Debug|Mixed Platforms.ActiveCfg = Debug|Any CPU
		{53EE1535-0CF0-4A1D-9ED5-7CF32FD8F016}.Debug|Mixed Platforms.Build.0 = Debug|Any CPU
		{53EE1535-0CF0-4A1D-9ED5-7CF32FD8F016}.Debug|x86.ActiveCfg = Debug|Any CPU
		{53EE1535-0CF0-4A1D-9ED5-7CF32FD8F016}.Release|Any CPU.ActiveCfg = Release|Any CPU
		{53EE1535-0CF0-4A1D-9ED5-7CF32FD8F016}.Release|Any CPU.Build.0 = Release|Any CPU
		{53EE1535-0CF0-4A1D-9ED5-7CF32FD8F016}.Release|Mixed Platforms.ActiveCfg = Release|Any CPU
		{53EE1535-0CF0-4A1D-9ED5-7CF32FD8F016}.Release|Mixed Platforms.Build.0 = Release|Any CPU
		{53EE1535-0CF0-4A1D-9ED5-7CF32FD8F016}.Release|x86.ActiveCfg = Release|Any CPU
		{50CF6A10-3DFD-4DB8-8F1D-3B7C7E0855B9}.Debug|Any CPU.ActiveCfg = Debug|Any CPU
		{50CF6A10-3DFD-4DB8-8F1D-3B7C7E0855B9}.Debug|Any CPU.Build.0 = Debug|Any CPU
		{50CF6A10-3DFD-4DB8-8F1D-3B7C7E0855B9}.Debug|Mixed Platforms.ActiveCfg = Debug|Any CPU
		{50CF6A10-3DFD-4DB8-8F1D-3B7C7E0855B9}.Debug|Mixed Platforms.Build.0 = Debug|Any CPU
		{50CF6A10-3DFD-4DB8-8F1D-3B7C7E0855B9}.Debug|x86.ActiveCfg = Debug|Any CPU
		{50CF6A10-3DFD-4DB8-8F1D-3B7C7E0855B9}.Release|Any CPU.ActiveCfg = Release|Any CPU
		{50CF6A10-3DFD-4DB8-8F1D-3B7C7E0855B9}.Release|Any CPU.Build.0 = Release|Any CPU
		{50CF6A10-3DFD-4DB8-8F1D-3B7C7E0855B9}.Release|Mixed Platforms.ActiveCfg = Release|Any CPU
		{50CF6A10-3DFD-4DB8-8F1D-3B7C7E0855B9}.Release|Mixed Platforms.Build.0 = Release|Any CPU
		{50CF6A10-3DFD-4DB8-8F1D-3B7C7E0855B9}.Release|x86.ActiveCfg = Release|Any CPU
		{672555DD-B324-4654-89F8-5FFAC4E90E2C}.Debug|Any CPU.ActiveCfg = Debug|Any CPU
		{672555DD-B324-4654-89F8-5FFAC4E90E2C}.Debug|Any CPU.Build.0 = Debug|Any CPU
		{672555DD-B324-4654-89F8-5FFAC4E90E2C}.Debug|Mixed Platforms.ActiveCfg = Debug|Any CPU
		{672555DD-B324-4654-89F8-5FFAC4E90E2C}.Debug|Mixed Platforms.Build.0 = Debug|Any CPU
		{672555DD-B324-4654-89F8-5FFAC4E90E2C}.Debug|x86.ActiveCfg = Debug|Any CPU
		{672555DD-B324-4654-89F8-5FFAC4E90E2C}.Release|Any CPU.ActiveCfg = Release|Any CPU
		{672555DD-B324-4654-89F8-5FFAC4E90E2C}.Release|Any CPU.Build.0 = Release|Any CPU
		{672555DD-B324-4654-89F8-5FFAC4E90E2C}.Release|Mixed Platforms.ActiveCfg = Release|Any CPU
		{672555DD-B324-4654-89F8-5FFAC4E90E2C}.Release|Mixed Platforms.Build.0 = Release|Any CPU
		{672555DD-B324-4654-89F8-5FFAC4E90E2C}.Release|x86.ActiveCfg = Release|Any CPU
		{23FD2FC1-32DC-4D73-BB34-B51F952D1B7D}.Debug|Any CPU.ActiveCfg = Debug|x86
		{23FD2FC1-32DC-4D73-BB34-B51F952D1B7D}.Debug|Mixed Platforms.ActiveCfg = Debug|x86
		{23FD2FC1-32DC-4D73-BB34-B51F952D1B7D}.Debug|Mixed Platforms.Build.0 = Debug|x86
		{23FD2FC1-32DC-4D73-BB34-B51F952D1B7D}.Debug|x86.ActiveCfg = Debug|x86
		{23FD2FC1-32DC-4D73-BB34-B51F952D1B7D}.Debug|x86.Build.0 = Debug|x86
		{23FD2FC1-32DC-4D73-BB34-B51F952D1B7D}.Release|Any CPU.ActiveCfg = Release|x86
		{23FD2FC1-32DC-4D73-BB34-B51F952D1B7D}.Release|Mixed Platforms.ActiveCfg = Release|x86
		{23FD2FC1-32DC-4D73-BB34-B51F952D1B7D}.Release|Mixed Platforms.Build.0 = Release|x86
		{23FD2FC1-32DC-4D73-BB34-B51F952D1B7D}.Release|x86.ActiveCfg = Release|x86
		{23FD2FC1-32DC-4D73-BB34-B51F952D1B7D}.Release|x86.Build.0 = Release|x86
	EndGlobalSection
	GlobalSection(SolutionProperties) = preSolution
		HideSolutionNode = FALSE
	EndGlobalSection
EndGlobal
